
Microsoft Visual Studio Solution File, Format Version 12.00
# Visual Studio Version 17
VisualStudioVersion = 17.8.34227.203
MinimumVisualStudioVersion = 10.0.40219.1
Project("{FAE04EC0-301F-11D3-BF4B-00C04F79EFBC}") = "ПР13_1", "ПР13_1.csproj", "{80BAAA8C-29EF-40EA-AE3B-5A9054E35557}"
EndProject
Global
	GlobalSection(SolutionConfigurationPlatforms) = preSolution
		Debug|Any CPU = Debug|Any CPU
		Release|Any CPU = Release|Any CPU
	EndGlobalSection
	GlobalSection(ProjectConfigurationPlatforms) = postSolution
		{80BAAA8C-29EF-40EA-AE3B-5A9054E35557}.Debug|Any CPU.ActiveCfg = Debug|Any CPU
		{80BAAA8C-29EF-40EA-AE3B-5A9054E35557}.Debug|Any CPU.Build.0 = Debug|Any CPU
		{80BAAA8C-29EF-40EA-AE3B-5A9054E35557}.Release|Any CPU.ActiveCfg = Release|Any CPU
		{80BAAA8C-29EF-40EA-AE3B-5A9054E35557}.Release|Any CPU.Build.0 = Release|Any CPU
	EndGlobalSection
	GlobalSection(SolutionProperties) = preSolution
		HideSolutionNode = FALSE
	EndGlobalSection
	GlobalSection(ExtensibilityGlobals) = postSolution
		SolutionGuid = {D2F00D2F-49A1-4C2A-B31A-B9CFD44B359B}
	EndGlobalSection
EndGlobal
